
Microsoft Visual Studio Solution File, Format Version 12.00
# Visual Studio Version 16
VisualStudioVersion = 16.0.30523.141
MinimumVisualStudioVersion = 10.0.40219.1
Project("{FAE04EC0-301F-11D3-BF4B-00C04F79EFBC}") = "WIFI.Anwendung", "WIFI.Anwendung\WIFI.Anwendung.csproj", "{C3BF0E4F-40E2-4975-8ABF-0898087C6F27}"
EndProject
Project("{FAE04EC0-301F-11D3-BF4B-00C04F79EFBC}") = "WIFI.Windows.Forms", "WIFI.Windows.Forms\WIFI.Windows.Forms.csproj", "{60EF8F0F-847B-4438-980D-DE691D6578D8}"
EndProject
Project("{FAE04EC0-301F-11D3-BF4B-00C04F79EFBC}") = "WIFI.CS.Teil2", "WIFI.CS.Teil2\WIFI.CS.Teil2.csproj", "{FE3C7728-4129-4194-BEA8-C41B0C7E7532}"
EndProject
Project("{FAE04EC0-301F-11D3-BF4B-00C04F79EFBC}") = "WIFI.Anwendung.Datenbank", "WIFI.Anwendung.Datenbank\WIFI.Anwendung.Datenbank.csproj", "{76CBB1F3-FF4E-45F7-99BD-FB59143C08C3}"
EndProject
Global
	GlobalSection(SolutionConfigurationPlatforms) = preSolution
		Debug|Any CPU = Debug|Any CPU
		Debug|ARM = Debug|ARM
		Debug|ARM64 = Debug|ARM64
		Debug|x64 = Debug|x64
		Debug|x86 = Debug|x86
		Release|Any CPU = Release|Any CPU
		Release|ARM = Release|ARM
		Release|ARM64 = Release|ARM64
		Release|x64 = Release|x64
		Release|x86 = Release|x86
	EndGlobalSection
	GlobalSection(ProjectConfigurationPlatforms) = postSolution
		{C3BF0E4F-40E2-4975-8ABF-0898087C6F27}.Debug|Any CPU.ActiveCfg = Debug|Any CPU
		{C3BF0E4F-40E2-4975-8ABF-0898087C6F27}.Debug|Any CPU.Build.0 = Debug|Any CPU
		{C3BF0E4F-40E2-4975-8ABF-0898087C6F27}.Debug|ARM.ActiveCfg = Debug|Any CPU
		{C3BF0E4F-40E2-4975-8ABF-0898087C6F27}.Debug|ARM.Build.0 = Debug|Any CPU
		{C3BF0E4F-40E2-4975-8ABF-0898087C6F27}.Debug|ARM64.ActiveCfg = Debug|Any CPU
		{C3BF0E4F-40E2-4975-8ABF-0898087C6F27}.Debug|ARM64.Build.0 = Debug|Any CPU
		{C3BF0E4F-40E2-4975-8ABF-0898087C6F27}.Debug|x64.ActiveCfg = Debug|Any CPU
		{C3BF0E4F-40E2-4975-8ABF-0898087C6F27}.Debug|x64.Build.0 = Debug|Any CPU
		{C3BF0E4F-40E2-4975-8ABF-0898087C6F27}.Debug|x86.ActiveCfg = Debug|Any CPU
		{C3BF0E4F-40E2-4975-8ABF-0898087C6F27}.Debug|x86.Build.0 = Debug|Any CPU
		{C3BF0E4F-40E2-4975-8ABF-0898087C6F27}.Release|Any CPU.ActiveCfg = Release|Any CPU
		{C3BF0E4F-40E2-4975-8ABF-0898087C6F27}.Release|Any CPU.Build.0 = Release|Any CPU
		{C3BF0E4F-40E2-4975-8ABF-0898087C6F27}.Release|ARM.ActiveCfg = Release|Any CPU
		{C3BF0E4F-40E2-4975-8ABF-0898087C6F27}.Release|ARM.Build.0 = Release|Any CPU
		{C3BF0E4F-40E2-4975-8ABF-0898087C6F27}.Release|ARM64.ActiveCfg = Release|Any CPU
		{C3BF0E4F-40E2-4975-8ABF-0898087C6F27}.Release|ARM64.Build.0 = Release|Any CPU
		{C3BF0E4F-40E2-4975-8ABF-0898087C6F27}.Release|x64.ActiveCfg = Release|Any CPU
		{C3BF0E4F-40E2-4975-8ABF-0898087C6F27}.Release|x64.Build.0 = Release|Any CPU
		{C3BF0E4F-40E2-4975-8ABF-0898087C6F27}.Release|x86.ActiveCfg = Release|Any CPU
		{C3BF0E4F-40E2-4975-8ABF-0898087C6F27}.Release|x86.Build.0 = Release|Any CPU
		{60EF8F0F-847B-4438-980D-DE691D6578D8}.Debug|Any CPU.ActiveCfg = Debug|Any CPU
		{60EF8F0F-847B-4438-980D-DE691D6578D8}.Debug|Any CPU.Build.0 = Debug|Any CPU
		{60EF8F0F-847B-4438-980D-DE691D6578D8}.Debug|ARM.ActiveCfg = Debug|Any CPU
		{60EF8F0F-847B-4438-980D-DE691D6578D8}.Debug|ARM.Build.0 = Debug|Any CPU
		{60EF8F0F-847B-4438-980D-DE691D6578D8}.Debug|ARM64.ActiveCfg = Debug|Any CPU
		{60EF8F0F-847B-4438-980D-DE691D6578D8}.Debug|ARM64.Build.0 = Debug|Any CPU
		{60EF8F0F-847B-4438-980D-DE691D6578D8}.Debug|x64.ActiveCfg = Debug|Any CPU
		{60EF8F0F-847B-4438-980D-DE691D6578D8}.Debug|x64.Build.0 = Debug|Any CPU
		{60EF8F0F-847B-4438-980D-DE691D6578D8}.Debug|x86.ActiveCfg = Debug|Any CPU
		{60EF8F0F-847B-4438-980D-DE691D6578D8}.Debug|x86.Build.0 = Debug|Any CPU
		{60EF8F0F-847B-4438-980D-DE691D6578D8}.Release|Any CPU.ActiveCfg = Release|Any CPU
		{60EF8F0F-847B-4438-980D-DE691D6578D8}.Release|Any CPU.Build.0 = Release|Any CPU
		{60EF8F0F-847B-4438-980D-DE691D6578D8}.Release|ARM.ActiveCfg = Release|Any CPU
		{60EF8F0F-847B-4438-980D-DE691D6578D8}.Release|ARM.Build.0 = Release|Any CPU
		{60EF8F0F-847B-4438-980D-DE691D6578D8}.Release|ARM64.ActiveCfg = Release|Any CPU
		{60EF8F0F-847B-4438-980D-DE691D6578D8}.Release|ARM64.Build.0 = Release|Any CPU
		{60EF8F0F-847B-4438-980D-DE691D6578D8}.Release|x64.ActiveCfg = Release|Any CPU
		{60EF8F0F-847B-4438-980D-DE691D6578D8}.Release|x64.Build.0 = Release|Any CPU
		{60EF8F0F-847B-4438-980D-DE691D6578D8}.Release|x86.ActiveCfg = Release|Any CPU
		{60EF8F0F-847B-4438-980D-DE691D6578D8}.Release|x86.Build.0 = Release|Any CPU
		{FE3C7728-4129-4194-BEA8-C41B0C7E7532}.Debug|Any CPU.ActiveCfg = Debug|Any CPU
		{FE3C7728-4129-4194-BEA8-C41B0C7E7532}.Debug|Any CPU.Build.0 = Debug|Any CPU
		{FE3C7728-4129-4194-BEA8-C41B0C7E7532}.Debug|ARM.ActiveCfg = Debug|Any CPU
		{FE3C7728-4129-4194-BEA8-C41B0C7E7532}.Debug|ARM.Build.0 = Debug|Any CPU
		{FE3C7728-4129-4194-BEA8-C41B0C7E7532}.Debug|ARM64.ActiveCfg = Debug|Any CPU
		{FE3C7728-4129-4194-BEA8-C41B0C7E7532}.Debug|ARM64.Build.0 = Debug|Any CPU
		{FE3C7728-4129-4194-BEA8-C41B0C7E7532}.Debug|x64.ActiveCfg = Debug|Any CPU
		{FE3C7728-4129-4194-BEA8-C41B0C7E7532}.Debug|x64.Build.0 = Debug|Any CPU
		{FE3C7728-4129-4194-BEA8-C41B0C7E7532}.Debug|x86.ActiveCfg = Debug|Any CPU
		{FE3C7728-4129-4194-BEA8-C41B0C7E7532}.Debug|x86.Build.0 = Debug|Any CPU
		{FE3C7728-4129-4194-BEA8-C41B0C7E7532}.Release|Any CPU.ActiveCfg = Release|Any CPU
		{FE3C7728-4129-4194-BEA8-C41B0C7E7532}.Release|Any CPU.Build.0 = Release|Any CPU
		{FE3C7728-4129-4194-BEA8-C41B0C7E7532}.Release|ARM.ActiveCfg = Release|Any CPU
		{FE3C7728-4129-4194-BEA8-C41B0C7E7532}.Release|ARM.Build.0 = Release|Any CPU
		{FE3C7728-4129-4194-BEA8-C41B0C7E7532}.Release|ARM64.ActiveCfg = Release|Any CPU
		{FE3C7728-4129-4194-BEA8-C41B0C7E7532}.Release|ARM64.Build.0 = Release|Any CPU
		{FE3C7728-4129-4194-BEA8-C41B0C7E7532}.Release|x64.ActiveCfg = Release|Any CPU
		{FE3C7728-4129-4194-BEA8-C41B0C7E7532}.Release|x64.Build.0 = Release|Any CPU
		{FE3C7728-4129-4194-BEA8-C41B0C7E7532}.Release|x86.ActiveCfg = Release|Any CPU
		{FE3C7728-4129-4194-BEA8-C41B0C7E7532}.Release|x86.Build.0 = Release|Any CPU
		{76CBB1F3-FF4E-45F7-99BD-FB59143C08C3}.Debug|Any CPU.ActiveCfg = Debug|Any CPU
		{76CBB1F3-FF4E-45F7-99BD-FB59143C08C3}.Debug|Any CPU.Build.0 = Debug|Any CPU
		{76CBB1F3-FF4E-45F7-99BD-FB59143C08C3}.Debug|ARM.ActiveCfg = Debug|Any CPU
		{76CBB1F3-FF4E-45F7-99BD-FB59143C08C3}.Debug|ARM.Build.0 = Debug|Any CPU
		{76CBB1F3-FF4E-45F7-99BD-FB59143C08C3}.Debug|ARM64.ActiveCfg = Debug|Any CPU
		{76CBB1F3-FF4E-45F7-99BD-FB59143C08C3}.Debug|ARM64.Build.0 = Debug|Any CPU
		{76CBB1F3-FF4E-45F7-99BD-FB59143C08C3}.Debug|x64.ActiveCfg = Debug|Any CPU
		{76CBB1F3-FF4E-45F7-99BD-FB59143C08C3}.Debug|x64.Build.0 = Debug|Any CPU
		{76CBB1F3-FF4E-45F7-99BD-FB59143C08C3}.Debug|x86.ActiveCfg = Debug|Any CPU
		{76CBB1F3-FF4E-45F7-99BD-FB59143C08C3}.Debug|x86.Build.0 = Debug|Any CPU
		{76CBB1F3-FF4E-45F7-99BD-FB59143C08C3}.Release|Any CPU.ActiveCfg = Release|Any CPU
		{76CBB1F3-FF4E-45F7-99BD-FB59143C08C3}.Release|Any CPU.Build.0 = Release|Any CPU
		{76CBB1F3-FF4E-45F7-99BD-FB59143C08C3}.Release|ARM.ActiveCfg = Release|Any CPU
		{76CBB1F3-FF4E-45F7-99BD-FB59143C08C3}.Release|ARM.Build.0 = Release|Any CPU
		{76CBB1F3-FF4E-45F7-99BD-FB59143C08C3}.Release|ARM64.ActiveCfg = Release|Any CPU
		{76CBB1F3-FF4E-45F7-99BD-FB59143C08C3}.Release|ARM64.Build.0 = Release|Any CPU
		{76CBB1F3-FF4E-45F7-99BD-FB59143C08C3}.Release|x64.ActiveCfg = Release|Any CPU
		{76CBB1F3-FF4E-45F7-99BD-FB59143C08C3}.Release|x64.Build.0 = Release|Any CPU
		{76CBB1F3-FF4E-45F7-99BD-FB59143C08C3}.Release|x86.ActiveCfg = Release|Any CPU
		{76CBB1F3-FF4E-45F7-99BD-FB59143C08C3}.Release|x86.Build.0 = Release|Any CPU
	EndGlobalSection
	GlobalSection(SolutionProperties) = preSolution
		HideSolutionNode = FALSE
	EndGlobalSection
	GlobalSection(ExtensibilityGlobals) = postSolution
		SolutionGuid = {349B82FC-4F2D-4F0C-AE5A-25ECEFC2D6A4}
	EndGlobalSection
EndGlobal
